// !$*UTF8*$!
{
	archiveVersion = 1;
	classes = {
	};
	objectVersion = 50;
	objects = {

/* Begin PBXBuildFile section */
		09C3F17E2240E58A000F92FF /* Double+Round.swift in Sources */ = {isa = PBXBuildFile; fileRef = 09C3F1772240E58A000F92FF /* Double+Round.swift */; };
		09F6001C223F67FD00E2F6E0 /* AppDelegate.swift in Sources */ = {isa = PBXBuildFile; fileRef = 09F6001B223F67FD00E2F6E0 /* AppDelegate.swift */; };
		09F6001E223F67FD00E2F6E0 /* ViewController.swift in Sources */ = {isa = PBXBuildFile; fileRef = 09F6001D223F67FD00E2F6E0 /* ViewController.swift */; };
		09F60020223F67FE00E2F6E0 /* Assets.xcassets in Resources */ = {isa = PBXBuildFile; fileRef = 09F6001F223F67FE00E2F6E0 /* Assets.xcassets */; };
		09F60023223F67FE00E2F6E0 /* Main.storyboard in Resources */ = {isa = PBXBuildFile; fileRef = 09F60021223F67FE00E2F6E0 /* Main.storyboard */; };
		09F6002C223F703B00E2F6E0 /* ImageService.swift in Sources */ = {isa = PBXBuildFile; fileRef = 09F6002B223F703B00E2F6E0 /* ImageService.swift */; };
		09F6002E223F731C00E2F6E0 /* NSImage+CGImage.swift in Sources */ = {isa = PBXBuildFile; fileRef = 09F6002D223F731C00E2F6E0 /* NSImage+CGImage.swift */; };
		09F60031223F829400E2F6E0 /* arch.png in Resources */ = {isa = PBXBuildFile; fileRef = 09F60030223F829400E2F6E0 /* arch.png */; };
		D3CFAAC92243EC3500C798C5 /* EasyImagy.framework in Frameworks */ = {isa = PBXBuildFile; fileRef = D3CFAAC02243EC2000C798C5 /* EasyImagy.framework */; };
		D3CFAACA2243EC3500C798C5 /* EasyImagy.framework in Embed Frameworks */ = {isa = PBXBuildFile; fileRef = D3CFAAC02243EC2000C798C5 /* EasyImagy.framework */; settings = {ATTRIBUTES = (CodeSignOnCopy, RemoveHeadersOnCopy, ); }; };
/* End PBXBuildFile section */

/* Begin PBXContainerItemProxy section */
		D3CFAABB2243EC2000C798C5 /* PBXContainerItemProxy */ = {
			isa = PBXContainerItemProxy;
			containerPortal = D3CFAAB12243EC2000C798C5 /* EasyImagy.xcodeproj */;
			proxyType = 2;
			remoteGlobalIDString = D6134A0E1F85226C005592A2;
			remoteInfo = "EasyImagy-iOS";
		};
		D3CFAABD2243EC2000C798C5 /* PBXContainerItemProxy */ = {
			isa = PBXContainerItemProxy;
			containerPortal = D3CFAAB12243EC2000C798C5 /* EasyImagy.xcodeproj */;
			proxyType = 2;
			remoteGlobalIDString = D6134A171F85226D005592A2;
			remoteInfo = "EasyImagyTests-iOS";
		};
		D3CFAABF2243EC2000C798C5 /* PBXContainerItemProxy */ = {
			isa = PBXContainerItemProxy;
			containerPortal = D3CFAAB12243EC2000C798C5 /* EasyImagy.xcodeproj */;
			proxyType = 2;
			remoteGlobalIDString = D6134A601F852C80005592A2;
			remoteInfo = "EasyImagy-macOS";
		};
		D3CFAAC12243EC2000C798C5 /* PBXContainerItemProxy */ = {
			isa = PBXContainerItemProxy;
			containerPortal = D3CFAAB12243EC2000C798C5 /* EasyImagy.xcodeproj */;
			proxyType = 2;
			remoteGlobalIDString = D6134A681F852C80005592A2;
			remoteInfo = "EasyImagyTests-macOS";
		};
		D3CFAAC32243EC2000C798C5 /* PBXContainerItemProxy */ = {
			isa = PBXContainerItemProxy;
			containerPortal = D3CFAAB12243EC2000C798C5 /* EasyImagy.xcodeproj */;
			proxyType = 2;
			remoteGlobalIDString = D6134AA21F85D1F9005592A2;
			remoteInfo = "EasyImagy-tvOS";
		};
		D3CFAAC52243EC2000C798C5 /* PBXContainerItemProxy */ = {
			isa = PBXContainerItemProxy;
			containerPortal = D3CFAAB12243EC2000C798C5 /* EasyImagy.xcodeproj */;
			proxyType = 2;
			remoteGlobalIDString = D6134AAA1F85D1FA005592A2;
			remoteInfo = "EasyImagyTests-tvOS";
		};
		D3CFAAC72243EC2000C798C5 /* PBXContainerItemProxy */ = {
			isa = PBXContainerItemProxy;
			containerPortal = D3CFAAB12243EC2000C798C5 /* EasyImagy.xcodeproj */;
			proxyType = 2;
			remoteGlobalIDString = D6134AD21F85D800005592A2;
			remoteInfo = "EasyImagy-watchOS";
		};
		D3CFAACB2243EC3500C798C5 /* PBXContainerItemProxy */ = {
			isa = PBXContainerItemProxy;
			containerPortal = D3CFAAB12243EC2000C798C5 /* EasyImagy.xcodeproj */;
			proxyType = 1;
			remoteGlobalIDString = D6134A5F1F852C80005592A2;
			remoteInfo = "EasyImagy-macOS";
		};
/* End PBXContainerItemProxy section */

/* Begin PBXCopyFilesBuildPhase section */
		09C3F1712240BED1000F92FF /* Embed Frameworks */ = {
			isa = PBXCopyFilesBuildPhase;
			buildActionMask = 2147483647;
			dstPath = "";
			dstSubfolderSpec = 10;
			files = (
				D3CFAACA2243EC3500C798C5 /* EasyImagy.framework in Embed Frameworks */,
			);
			name = "Embed Frameworks";
			runOnlyForDeploymentPostprocessing = 0;
		};
/* End PBXCopyFilesBuildPhase section */

/* Begin PBXFileReference section */
		09C3F1772240E58A000F92FF /* Double+Round.swift */ = {isa = PBXFileReference; fileEncoding = 4; lastKnownFileType = sourcecode.swift; name = "Double+Round.swift"; path = "../../../lab1/lab1/Helper/Double+Round.swift"; sourceTree = "<group>"; };
		09F60018223F67FD00E2F6E0 /* lab3.app */ = {isa = PBXFileReference; explicitFileType = wrapper.application; includeInIndex = 0; path = lab3.app; sourceTree = BUILT_PRODUCTS_DIR; };
		09F6001B223F67FD00E2F6E0 /* AppDelegate.swift */ = {isa = PBXFileReference; lastKnownFileType = sourcecode.swift; path = AppDelegate.swift; sourceTree = "<group>"; };
		09F6001D223F67FD00E2F6E0 /* ViewController.swift */ = {isa = PBXFileReference; lastKnownFileType = sourcecode.swift; path = ViewController.swift; sourceTree = "<group>"; };
		09F6001F223F67FE00E2F6E0 /* Assets.xcassets */ = {isa = PBXFileReference; lastKnownFileType = folder.assetcatalog; path = Assets.xcassets; sourceTree = "<group>"; };
		09F60022223F67FE00E2F6E0 /* Base */ = {isa = PBXFileReference; lastKnownFileType = file.storyboard; name = Base; path = Base.lproj/Main.storyboard; sourceTree = "<group>"; };
		09F60024223F67FE00E2F6E0 /* Info.plist */ = {isa = PBXFileReference; lastKnownFileType = text.plist.xml; path = Info.plist; sourceTree = "<group>"; };
		09F60025223F67FE00E2F6E0 /* lab3.entitlements */ = {isa = PBXFileReference; lastKnownFileType = text.plist.entitlements; path = lab3.entitlements; sourceTree = "<group>"; };
		09F6002B223F703B00E2F6E0 /* ImageService.swift */ = {isa = PBXFileReference; lastKnownFileType = sourcecode.swift; path = ImageService.swift; sourceTree = "<group>"; };
		09F6002D223F731C00E2F6E0 /* NSImage+CGImage.swift */ = {isa = PBXFileReference; lastKnownFileType = sourcecode.swift; path = "NSImage+CGImage.swift"; sourceTree = "<group>"; };
		09F60030223F829400E2F6E0 /* arch.png */ = {isa = PBXFileReference; lastKnownFileType = image.png; path = arch.png; sourceTree = "<group>"; };
		D3CFAAB12243EC2000C798C5 /* EasyImagy.xcodeproj */ = {isa = PBXFileReference; lastKnownFileType = "wrapper.pb-project"; name = EasyImagy.xcodeproj; path = "../../../../../Downloads/EasyImagy-master/EasyImagy.xcodeproj"; sourceTree = "<group>"; };
/* End PBXFileReference section */

/* Begin PBXFrameworksBuildPhase section */
		09F60015223F67FD00E2F6E0 /* Frameworks */ = {
			isa = PBXFrameworksBuildPhase;
			buildActionMask = 2147483647;
			files = (
				D3CFAAC92243EC3500C798C5 /* EasyImagy.framework in Frameworks */,
			);
			runOnlyForDeploymentPostprocessing = 0;
		};
/* End PBXFrameworksBuildPhase section */

/* Begin PBXGroup section */
		09C3F1722240BF30000F92FF /* Service */ = {
			isa = PBXGroup;
			children = (
				09F6002B223F703B00E2F6E0 /* ImageService.swift */,
			);
			path = Service;
			sourceTree = "<group>";
		};
		09C3F1732240BF39000F92FF /* Common */ = {
			isa = PBXGroup;
			children = (
				09F6002D223F731C00E2F6E0 /* NSImage+CGImage.swift */,
				09C3F1772240E58A000F92FF /* Double+Round.swift */,
			);
			path = Common;
			sourceTree = "<group>";
		};
		09C3F1742240CE6D000F92FF /* Supporting Files */ = {
			isa = PBXGroup;
			children = (
				09F6001F223F67FE00E2F6E0 /* Assets.xcassets */,
				09F60024223F67FE00E2F6E0 /* Info.plist */,
			);
			path = "Supporting Files";
			sourceTree = "<group>";
		};
		09F6000F223F67FD00E2F6E0 = {
			isa = PBXGroup;
			children = (
				09F6001A223F67FD00E2F6E0 /* lab3 */,
				09F60019223F67FD00E2F6E0 /* Products */,
				D3CFAAB12243EC2000C798C5 /* EasyImagy.xcodeproj */,
			);
			sourceTree = "<group>";
		};
		09F60019223F67FD00E2F6E0 /* Products */ = {
			isa = PBXGroup;
			children = (
				09F60018223F67FD00E2F6E0 /* lab3.app */,
			);
			name = Products;
			sourceTree = "<group>";
		};
		09F6001A223F67FD00E2F6E0 /* lab3 */ = {
			isa = PBXGroup;
			children = (
				09F6002F223F828600E2F6E0 /* test files */,
				09C3F1732240BF39000F92FF /* Common */,
				09C3F1722240BF30000F92FF /* Service */,
				09F6001B223F67FD00E2F6E0 /* AppDelegate.swift */,
				09F6001D223F67FD00E2F6E0 /* ViewController.swift */,
				09F60021223F67FE00E2F6E0 /* Main.storyboard */,
				09C3F1742240CE6D000F92FF /* Supporting Files */,
				09F60025223F67FE00E2F6E0 /* lab3.entitlements */,
			);
			path = lab3;
			sourceTree = "<group>";
		};
		09F6002F223F828600E2F6E0 /* test files */ = {
			isa = PBXGroup;
			children = (
				09F60030223F829400E2F6E0 /* arch.png */,
			);
			path = "test files";
			sourceTree = "<group>";
		};
		D3CFAAB22243EC2000C798C5 /* Products */ = {
			isa = PBXGroup;
			children = (
				D3CFAABC2243EC2000C798C5 /* EasyImagy.framework */,
				D3CFAABE2243EC2000C798C5 /* EasyImagyTests-iOS.xctest */,
				D3CFAAC02243EC2000C798C5 /* EasyImagy.framework */,
				D3CFAAC22243EC2000C798C5 /* EasyImagyTests.xctest */,
				D3CFAAC42243EC2000C798C5 /* EasyImagy.framework */,
				D3CFAAC62243EC2000C798C5 /* EasyImagyTests.xctest */,
				D3CFAAC82243EC2000C798C5 /* EasyImagy.framework */,
			);
			name = Products;
			sourceTree = "<group>";
		};
/* End PBXGroup section */

/* Begin PBXNativeTarget section */
		09F60017223F67FD00E2F6E0 /* lab3 */ = {
			isa = PBXNativeTarget;
			buildConfigurationList = 09F60028223F67FE00E2F6E0 /* Build configuration list for PBXNativeTarget "lab3" */;
			buildPhases = (
				09F60014223F67FD00E2F6E0 /* Sources */,
				09F60015223F67FD00E2F6E0 /* Frameworks */,
				09F60016223F67FD00E2F6E0 /* Resources */,
				09C3F1712240BED1000F92FF /* Embed Frameworks */,
			);
			buildRules = (
			);
			dependencies = (
				D3CFAACC2243EC3500C798C5 /* PBXTargetDependency */,
			);
			name = lab3;
			productName = lab3;
			productReference = 09F60018223F67FD00E2F6E0 /* lab3.app */;
			productType = "com.apple.product-type.application";
		};
/* End PBXNativeTarget section */

/* Begin PBXProject section */
		09F60010223F67FD00E2F6E0 /* Project object */ = {
			isa = PBXProject;
			attributes = {
				LastSwiftUpdateCheck = 1010;
				LastUpgradeCheck = 1010;
				ORGANIZATIONNAME = isysoi;
				TargetAttributes = {
					09F60017223F67FD00E2F6E0 = {
						CreatedOnToolsVersion = 10.1;
					};
				};
			};
			buildConfigurationList = 09F60013223F67FD00E2F6E0 /* Build configuration list for PBXProject "lab3" */;
			compatibilityVersion = "Xcode 9.3";
			developmentRegion = en;
			hasScannedForEncodings = 0;
			knownRegions = (
				en,
				Base,
			);
			mainGroup = 09F6000F223F67FD00E2F6E0;
			productRefGroup = 09F60019223F67FD00E2F6E0 /* Products */;
			projectDirPath = "";
			projectReferences = (
				{
					ProductGroup = D3CFAAB22243EC2000C798C5 /* Products */;
					ProjectRef = D3CFAAB12243EC2000C798C5 /* EasyImagy.xcodeproj */;
				},
			);
			projectRoot = "";
			targets = (
				09F60017223F67FD00E2F6E0 /* lab3 */,
			);
		};
/* End PBXProject section */

/* Begin PBXReferenceProxy section */
		D3CFAABC2243EC2000C798C5 /* EasyImagy.framework */ = {
			isa = PBXReferenceProxy;
			fileType = wrapper.framework;
			path = EasyImagy.framework;
			remoteRef = D3CFAABB2243EC2000C798C5 /* PBXContainerItemProxy */;
			sourceTree = BUILT_PRODUCTS_DIR;
		};
		D3CFAABE2243EC2000C798C5 /* EasyImagyTests-iOS.xctest */ = {
			isa = PBXReferenceProxy;
			fileType = wrapper.cfbundle;
			path = "EasyImagyTests-iOS.xctest";
			remoteRef = D3CFAABD2243EC2000C798C5 /* PBXContainerItemProxy */;
			sourceTree = BUILT_PRODUCTS_DIR;
		};
		D3CFAAC02243EC2000C798C5 /* EasyImagy.framework */ = {
			isa = PBXReferenceProxy;
			fileType = wrapper.framework;
			path = EasyImagy.framework;
			remoteRef = D3CFAABF2243EC2000C798C5 /* PBXContainerItemProxy */;
			sourceTree = BUILT_PRODUCTS_DIR;
		};
		D3CFAAC22243EC2000C798C5 /* EasyImagyTests.xctest */ = {
			isa = PBXReferenceProxy;
			fileType = wrapper.cfbundle;
			path = EasyImagyTests.xctest;
			remoteRef = D3CFAAC12243EC2000C798C5 /* PBXContainerItemProxy */;
			sourceTree = BUILT_PRODUCTS_DIR;
		};
		D3CFAAC42243EC2000C798C5 /* EasyImagy.framework */ = {
			isa = PBXReferenceProxy;
			fileType = wrapper.framework;
			path = EasyImagy.framework;
			remoteRef = D3CFAAC32243EC2000C798C5 /* PBXContainerItemProxy */;
			sourceTree = BUILT_PRODUCTS_DIR;
		};
		D3CFAAC62243EC2000C798C5 /* EasyImagyTests.xctest */ = {
			isa = PBXReferenceProxy;
			fileType = wrapper.cfbundle;
			path = EasyImagyTests.xctest;
			remoteRef = D3CFAAC52243EC2000C798C5 /* PBXContainerItemProxy */;
			sourceTree = BUILT_PRODUCTS_DIR;
		};
		D3CFAAC82243EC2000C798C5 /* EasyImagy.framework */ = {
			isa = PBXReferenceProxy;
			fileType = wrapper.framework;
			path = EasyImagy.framework;
			remoteRef = D3CFAAC72243EC2000C798C5 /* PBXContainerItemProxy */;
			sourceTree = BUILT_PRODUCTS_DIR;
		};
/* End PBXReferenceProxy section */

/* Begin PBXResourcesBuildPhase section */
		09F60016223F67FD00E2F6E0 /* Resources */ = {
			isa = PBXResourcesBuildPhase;
			buildActionMask = 2147483647;
			files = (
				09F60020223F67FE00E2F6E0 /* Assets.xcassets in Resources */,
				09F60023223F67FE00E2F6E0 /* Main.storyboard in Resources */,
				09F60031223F829400E2F6E0 /* arch.png in Resources */,
			);
			runOnlyForDeploymentPostprocessing = 0;
		};
/* End PBXResourcesBuildPhase section */

/* Begin PBXSourcesBuildPhase section */
		09F60014223F67FD00E2F6E0 /* Sources */ = {
			isa = PBXSourcesBuildPhase;
			buildActionMask = 2147483647;
			files = (
				09F6002E223F731C00E2F6E0 /* NSImage+CGImage.swift in Sources */,
				09C3F17E2240E58A000F92FF /* Double+Round.swift in Sources */,
				09F6001E223F67FD00E2F6E0 /* ViewController.swift in Sources */,
				09F6001C223F67FD00E2F6E0 /* AppDelegate.swift in Sources */,
				09F6002C223F703B00E2F6E0 /* ImageService.swift in Sources */,
			);
			runOnlyForDeploymentPostprocessing = 0;
		};
/* End PBXSourcesBuildPhase section */

/* Begin PBXTargetDependency section */
		D3CFAACC2243EC3500C798C5 /* PBXTargetDependency */ = {
			isa = PBXTargetDependency;
			name = "EasyImagy-macOS";
			targetProxy = D3CFAACB2243EC3500C798C5 /* PBXContainerItemProxy */;
		};
/* End PBXTargetDependency section */

/* Begin PBXVariantGroup section */
		09F60021223F67FE00E2F6E0 /* Main.storyboard */ = {
			isa = PBXVariantGroup;
			children = (
				09F60022223F67FE00E2F6E0 /* Base */,
			);
			name = Main.storyboard;
			sourceTree = "<group>";
		};
/* End PBXVariantGroup section */

/* Begin XCBuildConfiguration section */
		09F60026223F67FE00E2F6E0 /* Debug */ = {
			isa = XCBuildConfiguration;
			buildSettings = {
				ALWAYS_SEARCH_USER_PATHS = NO;
				CLANG_ANALYZER_NONNULL = YES;
				CLANG_ANALYZER_NUMBER_OBJECT_CONVERSION = YES_AGGRESSIVE;
				CLANG_CXX_LANGUAGE_STANDARD = "gnu++14";
				CLANG_CXX_LIBRARY = "libc++";
				CLANG_ENABLE_MODULES = YES;
				CLANG_ENABLE_OBJC_ARC = YES;
				CLANG_ENABLE_OBJC_WEAK = YES;
				CLANG_WARN_BLOCK_CAPTURE_AUTORELEASING = YES;
				CLANG_WARN_BOOL_CONVERSION = YES;
				CLANG_WARN_COMMA = YES;
				CLANG_WARN_CONSTANT_CONVERSION = YES;
				CLANG_WARN_DEPRECATED_OBJC_IMPLEMENTATIONS = YES;
				CLANG_WARN_DIRECT_OBJC_ISA_USAGE = YES_ERROR;
				CLANG_WARN_DOCUMENTATION_COMMENTS = YES;
				CLANG_WARN_EMPTY_BODY = YES;
				CLANG_WARN_ENUM_CONVERSION = YES;
				CLANG_WARN_INFINITE_RECURSION = YES;
				CLANG_WARN_INT_CONVERSION = YES;
				CLANG_WARN_NON_LITERAL_NULL_CONVERSION = YES;
				CLANG_WARN_OBJC_IMPLICIT_RETAIN_SELF = YES;
				CLANG_WARN_OBJC_LITERAL_CONVERSION = YES;
				CLANG_WARN_OBJC_ROOT_CLASS = YES_ERROR;
				CLANG_WARN_RANGE_LOOP_ANALYSIS = YES;
				CLANG_WARN_STRICT_PROTOTYPES = YES;
				CLANG_WARN_SUSPICIOUS_MOVE = YES;
				CLANG_WARN_UNGUARDED_AVAILABILITY = YES_AGGRESSIVE;
				CLANG_WARN_UNREACHABLE_CODE = YES;
				CLANG_WARN__DUPLICATE_METHOD_MATCH = YES;
				CODE_SIGN_IDENTITY = "Mac Developer";
				COPY_PHASE_STRIP = NO;
				DEBUG_INFORMATION_FORMAT = dwarf;
				ENABLE_STRICT_OBJC_MSGSEND = YES;
				ENABLE_TESTABILITY = YES;
				GCC_C_LANGUAGE_STANDARD = gnu11;
				GCC_DYNAMIC_NO_PIC = NO;
				GCC_NO_COMMON_BLOCKS = YES;
				GCC_OPTIMIZATION_LEVEL = 0;
				GCC_PREPROCESSOR_DEFINITIONS = (
					"DEBUG=1",
					"$(inherited)",
				);
				GCC_WARN_64_TO_32_BIT_CONVERSION = YES;
				GCC_WARN_ABOUT_RETURN_TYPE = YES_ERROR;
				GCC_WARN_UNDECLARED_SELECTOR = YES;
				GCC_WARN_UNINITIALIZED_AUTOS = YES_AGGRESSIVE;
				GCC_WARN_UNUSED_FUNCTION = YES;
				GCC_WARN_UNUSED_VARIABLE = YES;
				MACOSX_DEPLOYMENT_TARGET = 10.14;
				MTL_ENABLE_DEBUG_INFO = INCLUDE_SOURCE;
				MTL_FAST_MATH = YES;
				ONLY_ACTIVE_ARCH = YES;
				SDKROOT = macosx;
				SWIFT_ACTIVE_COMPILATION_CONDITIONS = DEBUG;
				SWIFT_OPTIMIZATION_LEVEL = "-Onone";
			};
			name = Debug;
		};
		09F60027223F67FE00E2F6E0 /* Release */ = {
			isa = XCBuildConfiguration;
			buildSettings = {
				ALWAYS_SEARCH_USER_PATHS = NO;
				CLANG_ANALYZER_NONNULL = YES;
				CLANG_ANALYZER_NUMBER_OBJECT_CONVERSION = YES_AGGRESSIVE;
				CLANG_CXX_LANGUAGE_STANDARD = "gnu++14";
				CLANG_CXX_LIBRARY = "libc++";
				CLANG_ENABLE_MODULES = YES;
				CLANG_ENABLE_OBJC_ARC = YES;
				CLANG_ENABLE_OBJC_WEAK = YES;
				CLANG_WARN_BLOCK_CAPTURE_AUTORELEASING = YES;
				CLANG_WARN_BOOL_CONVERSION = YES;
				CLANG_WARN_COMMA = YES;
				CLANG_WARN_CONSTANT_CONVERSION = YES;
				CLANG_WARN_DEPRECATED_OBJC_IMPLEMENTATIONS = YES;
				CLANG_WARN_DIRECT_OBJC_ISA_USAGE = YES_ERROR;
				CLANG_WARN_DOCUMENTATION_COMMENTS = YES;
				CLANG_WARN_EMPTY_BODY = YES;
				CLANG_WARN_ENUM_CONVERSION = YES;
				CLANG_WARN_INFINITE_RECURSION = YES;
				CLANG_WARN_INT_CONVERSION = YES;
				CLANG_WARN_NON_LITERAL_NULL_CONVERSION = YES;
				CLANG_WARN_OBJC_IMPLICIT_RETAIN_SELF = YES;
				CLANG_WARN_OBJC_LITERAL_CONVERSION = YES;
				CLANG_WARN_OBJC_ROOT_CLASS = YES_ERROR;
				CLANG_WARN_RANGE_LOOP_ANALYSIS = YES;
				CLANG_WARN_STRICT_PROTOTYPES = YES;
				CLANG_WARN_SUSPICIOUS_MOVE = YES;
				CLANG_WARN_UNGUARDED_AVAILABILITY = YES_AGGRESSIVE;
				CLANG_WARN_UNREACHABLE_CODE = YES;
				CLANG_WARN__DUPLICATE_METHOD_MATCH = YES;
				CODE_SIGN_IDENTITY = "Mac Developer";
				COPY_PHASE_STRIP = NO;
				DEBUG_INFORMATION_FORMAT = "dwarf-with-dsym";
				ENABLE_NS_ASSERTIONS = NO;
				ENABLE_STRICT_OBJC_MSGSEND = YES;
				GCC_C_LANGUAGE_STANDARD = gnu11;
				GCC_NO_COMMON_BLOCKS = YES;
				GCC_WARN_64_TO_32_BIT_CONVERSION = YES;
				GCC_WARN_ABOUT_RETURN_TYPE = YES_ERROR;
				GCC_WARN_UNDECLARED_SELECTOR = YES;
				GCC_WARN_UNINITIALIZED_AUTOS = YES_AGGRESSIVE;
				GCC_WARN_UNUSED_FUNCTION = YES;
				GCC_WARN_UNUSED_VARIABLE = YES;
				MACOSX_DEPLOYMENT_TARGET = 10.14;
				MTL_ENABLE_DEBUG_INFO = NO;
				MTL_FAST_MATH = YES;
				SDKROOT = macosx;
				SWIFT_COMPILATION_MODE = wholemodule;
				SWIFT_OPTIMIZATION_LEVEL = "-O";
			};
			name = Release;
		};
		09F60029223F67FE00E2F6E0 /* Debug */ = {
			isa = XCBuildConfiguration;
			buildSettings = {
				ALWAYS_EMBED_SWIFT_STANDARD_LIBRARIES = YES;
				ASSETCATALOG_COMPILER_APPICON_NAME = AppIcon;
				CODE_SIGN_ENTITLEMENTS = lab3/lab3.entitlements;
				CODE_SIGN_STYLE = Automatic;
				COMBINE_HIDPI_IMAGES = YES;
				DEVELOPMENT_TEAM = K3EBJ8K5KL;
				INFOPLIST_FILE = "$(SRCROOT)/lab3/Supporting Files/Info.plist";
				LD_RUNPATH_SEARCH_PATHS = (
					"$(inherited)",
					"@executable_path/../Frameworks",
				);
				PRODUCT_BUNDLE_IDENTIFIER = com.isysoi.lab3;
				PRODUCT_NAME = "$(TARGET_NAME)";
				SWIFT_VERSION = 4.2;
			};
			name = Debug;
		};
		09F6002A223F67FE00E2F6E0 /* Release */ = {
			isa = XCBuildConfiguration;
			buildSettings = {
				ALWAYS_EMBED_SWIFT_STANDARD_LIBRARIES = YES;
				ASSETCATALOG_COMPILER_APPICON_NAME = AppIcon;
				CODE_SIGN_ENTITLEMENTS = lab3/lab3.entitlements;
				CODE_SIGN_STYLE = Automatic;
				COMBINE_HIDPI_IMAGES = YES;
				DEVELOPMENT_TEAM = K3EBJ8K5KL;
				INFOPLIST_FILE = "$(SRCROOT)/lab3/Supporting Files/Info.plist";
				LD_RUNPATH_SEARCH_PATHS = (
					"$(inherited)",
					"@executable_path/../Frameworks",
				);
				PRODUCT_BUNDLE_IDENTIFIER = com.isysoi.lab3;
				PRODUCT_NAME = "$(TARGET_NAME)";
				SWIFT_VERSION = 4.2;
			};
			name = Release;
		};
/* End XCBuildConfiguration section */

/* Begin XCConfigurationList section */
		09F60013223F67FD00E2F6E0 /* Build configuration list for PBXProject "lab3" */ = {
			isa = XCConfigurationList;
			buildConfigurations = (
				09F60026223F67FE00E2F6E0 /* Debug */,
				09F60027223F67FE00E2F6E0 /* Release */,
			);
			defaultConfigurationIsVisible = 0;
			defaultConfigurationName = Release;
		};
		09F60028223F67FE00E2F6E0 /* Build configuration list for PBXNativeTarget "lab3" */ = {
			isa = XCConfigurationList;
			buildConfigurations = (
				09F60029223F67FE00E2F6E0 /* Debug */,
				09F6002A223F67FE00E2F6E0 /* Release */,
			);
			defaultConfigurationIsVisible = 0;
			defaultConfigurationName = Release;
		};
/* End XCConfigurationList section */
	};
	rootObject = 09F60010223F67FD00E2F6E0 /* Project object */;
}
