// !$*UTF8*$!
{
	archiveVersion = 1;
	classes = {
	};
	objectVersion = 50;
	objects = {

/* Begin PBXBuildFile section */
		BFA3A43042FEDDDE2A084857 /* Pods_lab1.framework in Frameworks */ = {isa = PBXBuildFile; fileRef = FE225DF7CCC9FC20031E1F98 /* Pods_lab1.framework */; };
		D3D4A40E221C67E7000237D7 /* AppDelegate.swift in Sources */ = {isa = PBXBuildFile; fileRef = D3D4A40D221C67E7000237D7 /* AppDelegate.swift */; };
		D3D4A410221C67E7000237D7 /* ViewController.swift in Sources */ = {isa = PBXBuildFile; fileRef = D3D4A40F221C67E7000237D7 /* ViewController.swift */; };
		D3D4A412221C67E9000237D7 /* Assets.xcassets in Resources */ = {isa = PBXBuildFile; fileRef = D3D4A411221C67E9000237D7 /* Assets.xcassets */; };
		D3D4A415221C67E9000237D7 /* Main.storyboard in Resources */ = {isa = PBXBuildFile; fileRef = D3D4A413221C67E9000237D7 /* Main.storyboard */; };
		D3D4A420221C952B000237D7 /* CMYKColor.swift in Sources */ = {isa = PBXBuildFile; fileRef = D3D4A41F221C952B000237D7 /* CMYKColor.swift */; };
		D3D4A422221C95CE000237D7 /* XYZColor.swift in Sources */ = {isa = PBXBuildFile; fileRef = D3D4A421221C95CE000237D7 /* XYZColor.swift */; };
		D3D4A424221C9671000237D7 /* HLSColor.swift in Sources */ = {isa = PBXBuildFile; fileRef = D3D4A423221C9671000237D7 /* HLSColor.swift */; };
		D3D4A429221C9A40000237D7 /* NSColor+CMYK.swift in Sources */ = {isa = PBXBuildFile; fileRef = D3D4A428221C9A40000237D7 /* NSColor+CMYK.swift */; };
/* End PBXBuildFile section */

/* Begin PBXFileReference section */
		1D642CC7310825FAAB5F5F32 /* Pods-lab1.release.xcconfig */ = {isa = PBXFileReference; includeInIndex = 1; lastKnownFileType = text.xcconfig; name = "Pods-lab1.release.xcconfig"; path = "Pods/Target Support Files/Pods-lab1/Pods-lab1.release.xcconfig"; sourceTree = "<group>"; };
		D3D4A40A221C67E7000237D7 /* lab1.app */ = {isa = PBXFileReference; explicitFileType = wrapper.application; includeInIndex = 0; path = lab1.app; sourceTree = BUILT_PRODUCTS_DIR; };
		D3D4A40D221C67E7000237D7 /* AppDelegate.swift */ = {isa = PBXFileReference; lastKnownFileType = sourcecode.swift; path = AppDelegate.swift; sourceTree = "<group>"; };
		D3D4A40F221C67E7000237D7 /* ViewController.swift */ = {isa = PBXFileReference; lastKnownFileType = sourcecode.swift; path = ViewController.swift; sourceTree = "<group>"; };
		D3D4A411221C67E9000237D7 /* Assets.xcassets */ = {isa = PBXFileReference; lastKnownFileType = folder.assetcatalog; path = Assets.xcassets; sourceTree = "<group>"; };
		D3D4A414221C67E9000237D7 /* Base */ = {isa = PBXFileReference; lastKnownFileType = file.storyboard; name = Base; path = Base.lproj/Main.storyboard; sourceTree = "<group>"; };
		D3D4A416221C67E9000237D7 /* Info.plist */ = {isa = PBXFileReference; lastKnownFileType = text.plist.xml; path = Info.plist; sourceTree = "<group>"; };
		D3D4A417221C67E9000237D7 /* lab1.entitlements */ = {isa = PBXFileReference; lastKnownFileType = text.plist.entitlements; path = lab1.entitlements; sourceTree = "<group>"; };
		D3D4A41F221C952B000237D7 /* CMYKColor.swift */ = {isa = PBXFileReference; lastKnownFileType = sourcecode.swift; path = CMYKColor.swift; sourceTree = "<group>"; };
		D3D4A421221C95CE000237D7 /* XYZColor.swift */ = {isa = PBXFileReference; lastKnownFileType = sourcecode.swift; path = XYZColor.swift; sourceTree = "<group>"; };
		D3D4A423221C9671000237D7 /* HLSColor.swift */ = {isa = PBXFileReference; lastKnownFileType = sourcecode.swift; path = HLSColor.swift; sourceTree = "<group>"; };
		D3D4A428221C9A40000237D7 /* NSColor+CMYK.swift */ = {isa = PBXFileReference; lastKnownFileType = sourcecode.swift; path = "NSColor+CMYK.swift"; sourceTree = "<group>"; };
		FB18D82A755D704B95564BF6 /* Pods-lab1.debug.xcconfig */ = {isa = PBXFileReference; includeInIndex = 1; lastKnownFileType = text.xcconfig; name = "Pods-lab1.debug.xcconfig"; path = "Pods/Target Support Files/Pods-lab1/Pods-lab1.debug.xcconfig"; sourceTree = "<group>"; };
		FE225DF7CCC9FC20031E1F98 /* Pods_lab1.framework */ = {isa = PBXFileReference; explicitFileType = wrapper.framework; includeInIndex = 0; path = Pods_lab1.framework; sourceTree = BUILT_PRODUCTS_DIR; };
/* End PBXFileReference section */

/* Begin PBXFrameworksBuildPhase section */
		D3D4A407221C67E7000237D7 /* Frameworks */ = {
			isa = PBXFrameworksBuildPhase;
			buildActionMask = 2147483647;
			files = (
				BFA3A43042FEDDDE2A084857 /* Pods_lab1.framework in Frameworks */,
			);
			runOnlyForDeploymentPostprocessing = 0;
		};
/* End PBXFrameworksBuildPhase section */

/* Begin PBXGroup section */
		2DD4067A9B46F033EB41CC4E /* Frameworks */ = {
			isa = PBXGroup;
			children = (
				FE225DF7CCC9FC20031E1F98 /* Pods_lab1.framework */,
			);
			name = Frameworks;
			sourceTree = "<group>";
		};
		574424FA8371C8653EEB9CB5 /* Pods */ = {
			isa = PBXGroup;
			children = (
				FB18D82A755D704B95564BF6 /* Pods-lab1.debug.xcconfig */,
				1D642CC7310825FAAB5F5F32 /* Pods-lab1.release.xcconfig */,
			);
			name = Pods;
			sourceTree = "<group>";
		};
		D3D4A401221C67E7000237D7 = {
			isa = PBXGroup;
			children = (
				D3D4A40C221C67E7000237D7 /* lab1 */,
				D3D4A40B221C67E7000237D7 /* Products */,
				574424FA8371C8653EEB9CB5 /* Pods */,
				2DD4067A9B46F033EB41CC4E /* Frameworks */,
			);
			sourceTree = "<group>";
		};
		D3D4A40B221C67E7000237D7 /* Products */ = {
			isa = PBXGroup;
			children = (
				D3D4A40A221C67E7000237D7 /* lab1.app */,
			);
			name = Products;
			sourceTree = "<group>";
		};
		D3D4A40C221C67E7000237D7 /* lab1 */ = {
			isa = PBXGroup;
			children = (
				D3D4A425221C96FF000237D7 /* Helper */,
				D3D4A41E221C9514000237D7 /* Model */,
				D3D4A413221C67E9000237D7 /* Main.storyboard */,
				D3D4A40F221C67E7000237D7 /* ViewController.swift */,
				D3D4A40D221C67E7000237D7 /* AppDelegate.swift */,
				D3D4A41D221C87FD000237D7 /* Supporting Files */,
			);
			path = lab1;
			sourceTree = "<group>";
		};
		D3D4A41D221C87FD000237D7 /* Supporting Files */ = {
			isa = PBXGroup;
			children = (
				D3D4A411221C67E9000237D7 /* Assets.xcassets */,
				D3D4A416221C67E9000237D7 /* Info.plist */,
				D3D4A417221C67E9000237D7 /* lab1.entitlements */,
			);
			path = "Supporting Files";
			sourceTree = "<group>";
		};
		D3D4A41E221C9514000237D7 /* Model */ = {
			isa = PBXGroup;
			children = (
				D3D4A41F221C952B000237D7 /* CMYKColor.swift */,
				D3D4A421221C95CE000237D7 /* XYZColor.swift */,
				D3D4A423221C9671000237D7 /* HLSColor.swift */,
			);
			path = Model;
			sourceTree = "<group>";
		};
		D3D4A425221C96FF000237D7 /* Helper */ = {
			isa = PBXGroup;
			children = (
				D3D4A428221C9A40000237D7 /* NSColor+CMYK.swift */,
			);
			path = Helper;
			sourceTree = "<group>";
		};
/* End PBXGroup section */

/* Begin PBXNativeTarget section */
		D3D4A409221C67E7000237D7 /* lab1 */ = {
			isa = PBXNativeTarget;
			buildConfigurationList = D3D4A41A221C67E9000237D7 /* Build configuration list for PBXNativeTarget "lab1" */;
			buildPhases = (
				35C2E2F57B32FE9EE109B02E /* [CP] Check Pods Manifest.lock */,
				D3D4A406221C67E7000237D7 /* Sources */,
				D3D4A407221C67E7000237D7 /* Frameworks */,
				D3D4A408221C67E7000237D7 /* Resources */,
				D1335B33F7BA1D680B2B16F5 /* [CP] Embed Pods Frameworks */,
			);
			buildRules = (
			);
			dependencies = (
			);
			name = lab1;
			productName = lab1;
			productReference = D3D4A40A221C67E7000237D7 /* lab1.app */;
			productType = "com.apple.product-type.application";
		};
/* End PBXNativeTarget section */

/* Begin PBXProject section */
		D3D4A402221C67E7000237D7 /* Project object */ = {
			isa = PBXProject;
			attributes = {
				LastSwiftUpdateCheck = 1010;
				LastUpgradeCheck = 1010;
				ORGANIZATIONNAME = "Ilya Sysoi";
				TargetAttributes = {
					D3D4A409221C67E7000237D7 = {
						CreatedOnToolsVersion = 10.1;
					};
				};
			};
			buildConfigurationList = D3D4A405221C67E7000237D7 /* Build configuration list for PBXProject "lab1" */;
			compatibilityVersion = "Xcode 9.3";
			developmentRegion = en;
			hasScannedForEncodings = 0;
			knownRegions = (
				en,
				Base,
			);
			mainGroup = D3D4A401221C67E7000237D7;
			productRefGroup = D3D4A40B221C67E7000237D7 /* Products */;
			projectDirPath = "";
			projectRoot = "";
			targets = (
				D3D4A409221C67E7000237D7 /* lab1 */,
			);
		};
/* End PBXProject section */

/* Begin PBXResourcesBuildPhase section */
		D3D4A408221C67E7000237D7 /* Resources */ = {
			isa = PBXResourcesBuildPhase;
			buildActionMask = 2147483647;
			files = (
				D3D4A412221C67E9000237D7 /* Assets.xcassets in Resources */,
				D3D4A415221C67E9000237D7 /* Main.storyboard in Resources */,
			);
			runOnlyForDeploymentPostprocessing = 0;
		};
/* End PBXResourcesBuildPhase section */

/* Begin PBXShellScriptBuildPhase section */
		35C2E2F57B32FE9EE109B02E /* [CP] Check Pods Manifest.lock */ = {
			isa = PBXShellScriptBuildPhase;
			buildActionMask = 2147483647;
			files = (
			);
			inputFileListPaths = (
			);
			inputPaths = (
				"${PODS_PODFILE_DIR_PATH}/Podfile.lock",
				"${PODS_ROOT}/Manifest.lock",
			);
			name = "[CP] Check Pods Manifest.lock";
			outputFileListPaths = (
			);
			outputPaths = (
				"$(DERIVED_FILE_DIR)/Pods-lab1-checkManifestLockResult.txt",
			);
			runOnlyForDeploymentPostprocessing = 0;
			shellPath = /bin/sh;
			shellScript = "diff \"${PODS_PODFILE_DIR_PATH}/Podfile.lock\" \"${PODS_ROOT}/Manifest.lock\" > /dev/null\nif [ $? != 0 ] ; then\n    # print error to STDERR\n    echo \"error: The sandbox is not in sync with the Podfile.lock. Run 'pod install' or update your CocoaPods installation.\" >&2\n    exit 1\nfi\n# This output is used by Xcode 'outputs' to avoid re-running this script phase.\necho \"SUCCESS\" > \"${SCRIPT_OUTPUT_FILE_0}\"\n";
			showEnvVarsInLog = 0;
		};
		D1335B33F7BA1D680B2B16F5 /* [CP] Embed Pods Frameworks */ = {
			isa = PBXShellScriptBuildPhase;
			buildActionMask = 2147483647;
			files = (
			);
			inputFileListPaths = (
			);
			inputPaths = (
				"${PODS_ROOT}/Target Support Files/Pods-lab1/Pods-lab1-frameworks.sh",
				"${BUILT_PRODUCTS_DIR}/SnapKit/SnapKit.framework",
			);
			name = "[CP] Embed Pods Frameworks";
			outputFileListPaths = (
			);
			outputPaths = (
				"${TARGET_BUILD_DIR}/${FRAMEWORKS_FOLDER_PATH}/SnapKit.framework",
			);
			runOnlyForDeploymentPostprocessing = 0;
			shellPath = /bin/sh;
			shellScript = "\"${PODS_ROOT}/Target Support Files/Pods-lab1/Pods-lab1-frameworks.sh\"\n";
			showEnvVarsInLog = 0;
		};
/* End PBXShellScriptBuildPhase section */

/* Begin PBXSourcesBuildPhase section */
		D3D4A406221C67E7000237D7 /* Sources */ = {
			isa = PBXSourcesBuildPhase;
			buildActionMask = 2147483647;
			files = (
				D3D4A420221C952B000237D7 /* CMYKColor.swift in Sources */,
				D3D4A424221C9671000237D7 /* HLSColor.swift in Sources */,
				D3D4A410221C67E7000237D7 /* ViewController.swift in Sources */,
				D3D4A40E221C67E7000237D7 /* AppDelegate.swift in Sources */,
				D3D4A429221C9A40000237D7 /* NSColor+CMYK.swift in Sources */,
				D3D4A422221C95CE000237D7 /* XYZColor.swift in Sources */,
			);
			runOnlyForDeploymentPostprocessing = 0;
		};
/* End PBXSourcesBuildPhase section */

/* Begin PBXVariantGroup section */
		D3D4A413221C67E9000237D7 /* Main.storyboard */ = {
			isa = PBXVariantGroup;
			children = (
				D3D4A414221C67E9000237D7 /* Base */,
			);
			name = Main.storyboard;
			sourceTree = "<group>";
		};
/* End PBXVariantGroup section */

/* Begin XCBuildConfiguration section */
		D3D4A418221C67E9000237D7 /* Debug */ = {
			isa = XCBuildConfiguration;
			buildSettings = {
				ALWAYS_SEARCH_USER_PATHS = NO;
				CLANG_ANALYZER_NONNULL = YES;
				CLANG_ANALYZER_NUMBER_OBJECT_CONVERSION = YES_AGGRESSIVE;
				CLANG_CXX_LANGUAGE_STANDARD = "gnu++14";
				CLANG_CXX_LIBRARY = "libc++";
				CLANG_ENABLE_MODULES = YES;
				CLANG_ENABLE_OBJC_ARC = YES;
				CLANG_ENABLE_OBJC_WEAK = YES;
				CLANG_WARN_BLOCK_CAPTURE_AUTORELEASING = YES;
				CLANG_WARN_BOOL_CONVERSION = YES;
				CLANG_WARN_COMMA = YES;
				CLANG_WARN_CONSTANT_CONVERSION = YES;
				CLANG_WARN_DEPRECATED_OBJC_IMPLEMENTATIONS = YES;
				CLANG_WARN_DIRECT_OBJC_ISA_USAGE = YES_ERROR;
				CLANG_WARN_DOCUMENTATION_COMMENTS = YES;
				CLANG_WARN_EMPTY_BODY = YES;
				CLANG_WARN_ENUM_CONVERSION = YES;
				CLANG_WARN_INFINITE_RECURSION = YES;
				CLANG_WARN_INT_CONVERSION = YES;
				CLANG_WARN_NON_LITERAL_NULL_CONVERSION = YES;
				CLANG_WARN_OBJC_IMPLICIT_RETAIN_SELF = YES;
				CLANG_WARN_OBJC_LITERAL_CONVERSION = YES;
				CLANG_WARN_OBJC_ROOT_CLASS = YES_ERROR;
				CLANG_WARN_RANGE_LOOP_ANALYSIS = YES;
				CLANG_WARN_STRICT_PROTOTYPES = YES;
				CLANG_WARN_SUSPICIOUS_MOVE = YES;
				CLANG_WARN_UNGUARDED_AVAILABILITY = YES_AGGRESSIVE;
				CLANG_WARN_UNREACHABLE_CODE = YES;
				CLANG_WARN__DUPLICATE_METHOD_MATCH = YES;
				CODE_SIGN_IDENTITY = "Mac Developer";
				COPY_PHASE_STRIP = NO;
				DEBUG_INFORMATION_FORMAT = dwarf;
				ENABLE_STRICT_OBJC_MSGSEND = YES;
				ENABLE_TESTABILITY = YES;
				GCC_C_LANGUAGE_STANDARD = gnu11;
				GCC_DYNAMIC_NO_PIC = NO;
				GCC_NO_COMMON_BLOCKS = YES;
				GCC_OPTIMIZATION_LEVEL = 0;
				GCC_PREPROCESSOR_DEFINITIONS = (
					"DEBUG=1",
					"$(inherited)",
				);
				GCC_WARN_64_TO_32_BIT_CONVERSION = YES;
				GCC_WARN_ABOUT_RETURN_TYPE = YES_ERROR;
				GCC_WARN_UNDECLARED_SELECTOR = YES;
				GCC_WARN_UNINITIALIZED_AUTOS = YES_AGGRESSIVE;
				GCC_WARN_UNUSED_FUNCTION = YES;
				GCC_WARN_UNUSED_VARIABLE = YES;
				MACOSX_DEPLOYMENT_TARGET = 10.14;
				MTL_ENABLE_DEBUG_INFO = INCLUDE_SOURCE;
				MTL_FAST_MATH = YES;
				ONLY_ACTIVE_ARCH = YES;
				SDKROOT = macosx;
				SWIFT_ACTIVE_COMPILATION_CONDITIONS = DEBUG;
				SWIFT_OPTIMIZATION_LEVEL = "-Onone";
			};
			name = Debug;
		};
		D3D4A419221C67E9000237D7 /* Release */ = {
			isa = XCBuildConfiguration;
			buildSettings = {
				ALWAYS_SEARCH_USER_PATHS = NO;
				CLANG_ANALYZER_NONNULL = YES;
				CLANG_ANALYZER_NUMBER_OBJECT_CONVERSION = YES_AGGRESSIVE;
				CLANG_CXX_LANGUAGE_STANDARD = "gnu++14";
				CLANG_CXX_LIBRARY = "libc++";
				CLANG_ENABLE_MODULES = YES;
				CLANG_ENABLE_OBJC_ARC = YES;
				CLANG_ENABLE_OBJC_WEAK = YES;
				CLANG_WARN_BLOCK_CAPTURE_AUTORELEASING = YES;
				CLANG_WARN_BOOL_CONVERSION = YES;
				CLANG_WARN_COMMA = YES;
				CLANG_WARN_CONSTANT_CONVERSION = YES;
				CLANG_WARN_DEPRECATED_OBJC_IMPLEMENTATIONS = YES;
				CLANG_WARN_DIRECT_OBJC_ISA_USAGE = YES_ERROR;
				CLANG_WARN_DOCUMENTATION_COMMENTS = YES;
				CLANG_WARN_EMPTY_BODY = YES;
				CLANG_WARN_ENUM_CONVERSION = YES;
				CLANG_WARN_INFINITE_RECURSION = YES;
				CLANG_WARN_INT_CONVERSION = YES;
				CLANG_WARN_NON_LITERAL_NULL_CONVERSION = YES;
				CLANG_WARN_OBJC_IMPLICIT_RETAIN_SELF = YES;
				CLANG_WARN_OBJC_LITERAL_CONVERSION = YES;
				CLANG_WARN_OBJC_ROOT_CLASS = YES_ERROR;
				CLANG_WARN_RANGE_LOOP_ANALYSIS = YES;
				CLANG_WARN_STRICT_PROTOTYPES = YES;
				CLANG_WARN_SUSPICIOUS_MOVE = YES;
				CLANG_WARN_UNGUARDED_AVAILABILITY = YES_AGGRESSIVE;
				CLANG_WARN_UNREACHABLE_CODE = YES;
				CLANG_WARN__DUPLICATE_METHOD_MATCH = YES;
				CODE_SIGN_IDENTITY = "Mac Developer";
				COPY_PHASE_STRIP = NO;
				DEBUG_INFORMATION_FORMAT = "dwarf-with-dsym";
				ENABLE_NS_ASSERTIONS = NO;
				ENABLE_STRICT_OBJC_MSGSEND = YES;
				GCC_C_LANGUAGE_STANDARD = gnu11;
				GCC_NO_COMMON_BLOCKS = YES;
				GCC_WARN_64_TO_32_BIT_CONVERSION = YES;
				GCC_WARN_ABOUT_RETURN_TYPE = YES_ERROR;
				GCC_WARN_UNDECLARED_SELECTOR = YES;
				GCC_WARN_UNINITIALIZED_AUTOS = YES_AGGRESSIVE;
				GCC_WARN_UNUSED_FUNCTION = YES;
				GCC_WARN_UNUSED_VARIABLE = YES;
				MACOSX_DEPLOYMENT_TARGET = 10.14;
				MTL_ENABLE_DEBUG_INFO = NO;
				MTL_FAST_MATH = YES;
				SDKROOT = macosx;
				SWIFT_COMPILATION_MODE = wholemodule;
				SWIFT_OPTIMIZATION_LEVEL = "-O";
			};
			name = Release;
		};
		D3D4A41B221C67E9000237D7 /* Debug */ = {
			isa = XCBuildConfiguration;
			baseConfigurationReference = FB18D82A755D704B95564BF6 /* Pods-lab1.debug.xcconfig */;
			buildSettings = {
				ASSETCATALOG_COMPILER_APPICON_NAME = AppIcon;
				CODE_SIGN_ENTITLEMENTS = lab1/lab1.entitlements;
				CODE_SIGN_STYLE = Automatic;
				COMBINE_HIDPI_IMAGES = YES;
				DEVELOPMENT_TEAM = K3EBJ8K5KL;
				INFOPLIST_FILE = "$(SRCROOT)/lab1/Supporting Files/Info.plist";
				LD_RUNPATH_SEARCH_PATHS = (
					"$(inherited)",
					"@executable_path/../Frameworks",
				);
				MACOSX_DEPLOYMENT_TARGET = 10.13;
				PRODUCT_BUNDLE_IDENTIFIER = by.isysoi.lab1;
				PRODUCT_NAME = "$(TARGET_NAME)";
				SWIFT_VERSION = 4.2;
			};
			name = Debug;
		};
		D3D4A41C221C67E9000237D7 /* Release */ = {
			isa = XCBuildConfiguration;
			baseConfigurationReference = 1D642CC7310825FAAB5F5F32 /* Pods-lab1.release.xcconfig */;
			buildSettings = {
				ASSETCATALOG_COMPILER_APPICON_NAME = AppIcon;
				CODE_SIGN_ENTITLEMENTS = lab1/lab1.entitlements;
				CODE_SIGN_STYLE = Automatic;
				COMBINE_HIDPI_IMAGES = YES;
				DEVELOPMENT_TEAM = K3EBJ8K5KL;
				INFOPLIST_FILE = "$(SRCROOT)/lab1/Supporting Files/Info.plist";
				LD_RUNPATH_SEARCH_PATHS = (
					"$(inherited)",
					"@executable_path/../Frameworks",
				);
				MACOSX_DEPLOYMENT_TARGET = 10.13;
				PRODUCT_BUNDLE_IDENTIFIER = by.isysoi.lab1;
				PRODUCT_NAME = "$(TARGET_NAME)";
				SWIFT_VERSION = 4.2;
			};
			name = Release;
		};
/* End XCBuildConfiguration section */

/* Begin XCConfigurationList section */
		D3D4A405221C67E7000237D7 /* Build configuration list for PBXProject "lab1" */ = {
			isa = XCConfigurationList;
			buildConfigurations = (
				D3D4A418221C67E9000237D7 /* Debug */,
				D3D4A419221C67E9000237D7 /* Release */,
			);
			defaultConfigurationIsVisible = 0;
			defaultConfigurationName = Release;
		};
		D3D4A41A221C67E9000237D7 /* Build configuration list for PBXNativeTarget "lab1" */ = {
			isa = XCConfigurationList;
			buildConfigurations = (
				D3D4A41B221C67E9000237D7 /* Debug */,
				D3D4A41C221C67E9000237D7 /* Release */,
			);
			defaultConfigurationIsVisible = 0;
			defaultConfigurationName = Release;
		};
/* End XCConfigurationList section */
	};
	rootObject = D3D4A402221C67E7000237D7 /* Project object */;
}
